{
  "nodes": {
    "flake-schemas": {
      "locked": {
        "lastModified": 1775244557,
        "narHash": "sha256-iYXRXIX9eafJmwJFAhqT3YxvvpNRuPFSLRCSpvGh8Ic=",
        "rev": "15edbeeaf77e42216dbcba8bfd907fdeabb75a2b",
        "revCount": 132,
        "type": "tarball",
        "url": "https://api.flakehub.com/f/pinned/DeterminateSystems/flake-schemas/0.4.2/019d5cf2-ee3c-7313-964e-f3f83c35d509/source.tar.gz"
      },
      "original": {
        "type": "tarball",
        "url": "https://flakehub.com/f/DeterminateSystems/flake-schemas/%2A.tar.gz"
      }
    },
    "flake-schemas_2": {
      "locked": {
        "lastModified": 1761577921,
        "narHash": "sha256-eK3/xbUOrxp9fFlei09XNjqcdiHXxndzrTXp7jFpOk8=",
        "rev": "47849c7625e223d36766968cc6dc23ba0e135922",
        "revCount": 107,
        "type": "tarball",
        "url": "https://api.flakehub.com/f/pinned/DeterminateSystems/flake-schemas/0.2.0/019a4a84-544d-7c59-b26d-e334e320c932/source.tar.gz"
      },
      "original": {
        "type": "tarball",
        "url": "https://flakehub.com/f/DeterminateSystems/flake-schemas/%2A.tar.gz"
      }
    },
    "nixpkgs": {
      "locked": {
        "lastModified": 1777077449,
        "narHash": "sha256-AIiMJiqvGrN4HyLEbKAoCSRRYn0rnlW5VbKNIMIYqm4=",
        "rev": "a4bf06618f0b5ee50f14ed8f0da77d34ecc19160",
        "revCount": 911667,
        "type": "tarball",
        "url": "https://api.flakehub.com/f/pinned/NixOS/nixpkgs/0.2511.911667%2Brev-a4bf06618f0b5ee50f14ed8f0da77d34ecc19160/019dcae8-75b0-71d1-abd5-feab9658f0fa/source.tar.gz"
      },
      "original": {
        "type": "tarball",
        "url": "https://flakehub.com/f/NixOS/nixpkgs/%2A.tar.gz"
      }
    },
    "quickemu": {
      "inputs": {
        "flake-schemas": "flake-schemas_2",
        "nixpkgs": [
          "nixpkgs"
        ]
      },
      "locked": {
        "lastModified": 1770727319,
        "narHash": "sha256-djTJr1I0LDBdbIPtTVWB4b/t1jSQ2/+RtQtWTnMLBFs=",
        "rev": "81d038cbaeb8fc4f7154489447fe9f856299c742",
        "revCount": 2292,
        "type": "tarball",
        "url": "https://api.flakehub.com/f/pinned/quickemu-project/quickemu/4.9.9/019c47be-6c19-773e-881b-f7d33905672f/source.tar.gz"
      },
      "original": {
        "type": "tarball",
        "url": "https://flakehub.com/f/quickemu-project/quickemu/%2A.tar.gz"
      }
    },
    "root": {
      "inputs": {
        "flake-schemas": "flake-schemas",
        "nixpkgs": "nixpkgs",
        "quickemu": "quickemu"
      }
    }
  },
  "root": "root",
  "version": 7
}
